Microsoft Visual Studio Solution File, Format Version 12.00
# Visual Studio Version 17
VisualStudioVersion = 17.5.2.0
MinimumVisualStudioVersion = 10.0.40219.1
Project("{FAE04EC0-301F-11D3-BF4B-00C04F79EFBC}") = "SourceGeneratorDemo.App", "SourceGeneratorDemo.App\SourceGeneratorDemo.App.csproj", "{80F10EFF-F506-8B5A-C5B0-05639AA7DC63}"
EndProject
Project("{FAE04EC0-301F-11D3-BF4B-00C04F79EFBC}") = "SourceGeneratorDemo.Generators", "SourceGeneratorDemo.Generators\SourceGeneratorDemo.Generators.csproj", "{259E2B87-0759-0D33-FC25-344D97446953}"
EndProject
Global
	GlobalSection(SolutionConfigurationPlatforms) = preSolution
		Debug|Any CPU = Debug|Any CPU
		Release|Any CPU = Release|Any CPU
	EndGlobalSection
	GlobalSection(ProjectConfigurationPlatforms) = postSolution
		{80F10EFF-F506-8B5A-C5B0-05639AA7DC63}.Debug|Any CPU.ActiveCfg = Debug|Any CPU
		{80F10EFF-F506-8B5A-C5B0-05639AA7DC63}.Debug|Any CPU.Build.0 = Debug|Any CPU
		{80F10EFF-F506-8B5A-C5B0-05639AA7DC63}.Release|Any CPU.ActiveCfg = Release|Any CPU
		{80F10EFF-F506-8B5A-C5B0-05639AA7DC63}.Release|Any CPU.Build.0 = Release|Any CPU
		{259E2B87-0759-0D33-FC25-344D97446953}.Debug|Any CPU.ActiveCfg = Debug|Any CPU
		{259E2B87-0759-0D33-FC25-344D97446953}.Debug|Any CPU.Build.0 = Debug|Any CPU
		{259E2B87-0759-0D33-FC25-344D97446953}.Release|Any CPU.ActiveCfg = Release|Any CPU
		{259E2B87-0759-0D33-FC25-344D97446953}.Release|Any CPU.Build.0 = Release|Any CPU
	EndGlobalSection
	GlobalSection(SolutionProperties) = preSolution
		HideSolutionNode = FALSE
	EndGlobalSection
	GlobalSection(ExtensibilityGlobals) = postSolution
		SolutionGuid = {83859D35-DD28-4F7F-A043-FF9B9BF62D34}
	EndGlobalSection
EndGlobal
